
Microsoft Visual Studio Solution File, Format Version 12.00
# Visual Studio Version 17
VisualStudioVersion = 17.13.35931.197 d17.13
MinimumVisualStudioVersion = 10.0.40219.1
Project("{FAE04EC0-301F-11D3-BF4B-00C04F79EFBC}") = "Ejemplo2", "Ejemplo2\Ejemplo2.csproj", "{532F10FB-D180-47E3-A6A0-1A93EFEABFD4}"
EndProject
Global
	GlobalSection(SolutionConfigurationPlatforms) = preSolution
		Debug|Any CPU = Debug|Any CPU
		Release|Any CPU = Release|Any CPU
	EndGlobalSection
	GlobalSection(ProjectConfigurationPlatforms) = postSolution
		{532F10FB-D180-47E3-A6A0-1A93EFEABFD4}.Debug|Any CPU.ActiveCfg = Debug|Any CPU
		{532F10FB-D180-47E3-A6A0-1A93EFEABFD4}.Debug|Any CPU.Build.0 = Debug|Any CPU
		{532F10FB-D180-47E3-A6A0-1A93EFEABFD4}.Release|Any CPU.ActiveCfg = Release|Any CPU
		{532F10FB-D180-47E3-A6A0-1A93EFEABFD4}.Release|Any CPU.Build.0 = Release|Any CPU
	EndGlobalSection
	GlobalSection(SolutionProperties) = preSolution
		HideSolutionNode = FALSE
	EndGlobalSection
	GlobalSection(ExtensibilityGlobals) = postSolution
		SolutionGuid = {CE5B56C2-DE4A-4F04-9CAA-3C2943B6BD40}
	EndGlobalSection
EndGlobal
